PODS:
  - Alamofire (4.8.0)
  - FDFullscreenPopGesture (1.1)
  - FSPagerView (0.8.2)
  - HandyJSON (4.2.1)
  - JPFPSStatus (0.1.1)
  - Kingfisher (4.10.1-beta)
  - MBProgressHUD (1.1.0)
  - MJRefresh (3.1.15.7)
  - Moya/Core (12.0.1):
    - Alamofire (~> 4.1)
    - Result (~> 4.0)
  - Moya/RxSwift (12.0.1):
    - Moya/Core
    - RxSwift (~> 4.0)
  - Result (4.0.0)
  - RxAtomic (4.4.0)
  - RxCocoa (4.4.0):
    - RxSwift (~> 4.0)
  - RxSwift (4.4.0):
    - RxAtomic (~> 4.4)
  - SKPhotoBrowser (6.0.0)
  - SnapKit (4.2.0)
  - SwiftyJSON (4.2.0)
  - YYKit (1.0.9):
    - YYKit/no-arc (= 1.0.9)
  - YYKit/no-arc (1.0.9)

DEPENDENCIES:
  - FDFullscreenPopGesture
  - FSPagerView
  - HandyJSON
  - JPFPSStatus
  - "Kingfisher (from `git@github.com:FMYang/Kingfisher.git`, tag `4.10.0-beta`)"
  - MBProgressHUD
  - MJRefresh
  - Moya/RxSwift
  - RxCocoa
  - SKPhotoBrowser
  - SnapKit
  - SwiftyJSON
  - YYKit

SPEC REPOS:
  https://github.com/cocoapods/specs.git:
    - Alamofire
    - FDFullscreenPopGesture
    - FSPagerView
    - HandyJSON
    - JPFPSStatus
    - MBProgressHUD
    - MJRefresh
    - Moya
    - Result
    - RxAtomic
    - RxCocoa
    - RxSwift
    - SKPhotoBrowser
    - SnapKit
    - SwiftyJSON
    - YYKit

EXTERNAL SOURCES:
  Kingfisher:
    :git: "git@github.com:FMYang/Kingfisher.git"
    :tag: 4.10.0-beta

CHECKOUT OPTIONS:
  Kingfisher:
    :git: "git@github.com:FMYang/Kingfisher.git"
    :tag: 4.10.0-beta

SPEC CHECKSUMS:
  Alamofire: 3ec537f71edc9804815215393ae2b1a8ea33a844
  FDFullscreenPopGesture: a8a620179e3d9c40e8e00256dcee1c1a27c6d0f0
  FSPagerView: 816a18842306973cc7cc6df8a5332272f7815c30
  HandyJSON: d0c5fc80204f29056d59d3e5c4587fa0b16b60a8
  JPFPSStatus: 03f32aa3d4d7d0c5bf56f6f3e7cf8b7280a5f52c
  Kingfisher: abd6835cfd04ff6f98696a39e23d094b7c8c2efa
  MBProgressHUD: e7baa36a220447d8aeb12769bf0585582f3866d9
  MJRefresh: 697f8ec75ebdbe9207767bb682cf0f51b0d8a41f
  Moya: cf730b3cd9e005401ef37a85143aa141a12fd38f
  Result: 7645bb3f50c2ce726dd0ff2fa7b6f42bbe6c3713
  RxAtomic: eacf60db868c96bfd63320e28619fe29c179656f
  RxCocoa: df63ebf7b9a70d6b4eeea407ed5dd4efc8979749
  RxSwift: 5976ecd04fc2fefd648827c23de5e11157faa973
  SKPhotoBrowser: 76eb862685761707b5745fde7762757966565e07
  SnapKit: fe8a619752f3f27075cc9a90244d75c6c3f27e2a
  SwiftyJSON: c4bcba26dd9ec7a027fc8eade48e2c911f229e96
  YYKit: 7cda43304a8dc3696c449041e2cb3107b4e236e7

PODFILE CHECKSUM: 7b38a86528d51acb9a10f604877999d2a0f47475

COCOAPODS: 1.6.0.beta.2
